github.com/brianvoe/gofakeit/v6 v6.19.0 h1:g+yJ+meWVEsAmR+bV4mNM/eXI0N+0pZ3D+Mi+G5+YQo=
github.com/brianvoe/gofakeit/v6 v6.19.0/go.mod h1:Ow6qC71xtwm79anlwKRlWZW6zVq9D2XHE4QSSMP/rU8=
github.com/mitchelllisle/redacted v0.0.0-20221023102530-0e2e89598862 h1:oAuazv6JteElE/+XDq+o5+xf/OCP4gft+id2/XROwsw=
github.com/mitchelllisle/redacted v0.0.0-20221023102530-0e2e89598862/go.mod h1:k+bLULHJBMggEbeaaSBMUnGcgcdQtF60RRRZSGmmoxo=
